<?xml version="1.0" encoding="utf-8"?>
<Project ToolsVersion="4.0" xmlns="http://schemas.microsoft.com/developer/msbuild/2003">
  <ItemGroup>
    <Filter Include="Source Files">
      <UniqueIdentifier>{4FC737F1-C7A5-4376-A066-2A32D752A2FF}</UniqueIdentifier>
      <Extensions>cpp;c;cc;cxx;def;odl;idl;hpj;bat;asm;asmx</Extensions>
    </Filter>
    <Filter Include="Header Files">
      <UniqueIdentifier>{93995380-89BD-4b04-88EB-625FBE52EBFB}</UniqueIdentifier>
      <Extensions>h;hh;hpp;hxx;hm;inl;inc;xsd</Extensions>
    </Filter>
    <Filter Include="Resource Files">
      <UniqueIdentifier>{67DA6AB6-F800-4c08-8B7A-83BB121AAD01}</UniqueIdentifier>
      <Extensions>rc;ico;cur;bmp;dlg;rc2;rct;bin;rgs;gif;jpg;jpeg;jpe;resx;tiff;tif;png;wav;mfcribbon-ms</Extensions>
    </Filter>
    <Filter Include="json">
      <UniqueIdentifier>{6039e59d-4cba-4c28-aad6-1fc587007edc}</UniqueIdentifier>
    </Filter>
    <Filter Include="SpriteOAM">
      <UniqueIdentifier>{85766e23-e908-4f21-aca6-b1b51fe43def}</UniqueIdentifier>
    </Filter>
    <Filter Include="GBA">
      <UniqueIdentifier>{dd1da534-6f67-4b5e-9541-e2cb23f03dda}</UniqueIdentifier>
    </Filter>
    <Filter Include="Source Files\Tiles">
      <UniqueIdentifier>{e40b2ce5-d9cf-4dc9-a6e3-aa49f68241b7}</UniqueIdentifier>
    </Filter>
    <Filter Include="GritInterface">
      <UniqueIdentifier>{1b99149d-ac01-428d-95bc-c8a9a22fee04}</UniqueIdentifier>
    </Filter>
  </ItemGroup>
  <ItemGroup>
    <ClCompile Include="AnimatedTiles.cpp">
      <Filter>Source Files</Filter>
    </ClCompile>
    <ClCompile Include="backbuffer.cpp">
      <Filter>Source Files</Filter>
    </ClCompile>
    <ClCompile Include="cEnitityManager.cpp">
      <Filter>Source Files</Filter>
    </ClCompile>
    <ClCompile Include="FrameManager.cpp">
      <Filter>Source Files</Filter>
    </ClCompile>
    <ClCompile Include="Frames.cpp">
      <Filter>Source Files</Filter>
    </ClCompile>
    <ClCompile Include="FrameUtilities.cpp">
      <Filter>Source Files</Filter>
    </ClCompile>
    <ClCompile Include="SprGBuf.cpp">
      <Filter>Source Files</Filter>
    </ClCompile>
    <ClCompile Include="SpriteObjectManager.cpp">
      <Filter>Source Files</Filter>
    </ClCompile>
    <ClCompile Include="FusionSamus.cpp">
      <Filter>Source Files</Filter>
    </ClCompile>
    <ClCompile Include="GameConfiguration.cpp">
      <Filter>Source Files</Filter>
    </ClCompile>
    <ClCompile Include="GBABase.cpp">
      <Filter>Source Files</Filter>
    </ClCompile>
    <ClCompile Include="GBAGraphics.cpp">
      <Filter>Source Files</Filter>
    </ClCompile>
    <ClCompile Include="GBAMethods.cpp">
      <Filter>Source Files</Filter>
    </ClCompile>
    <ClCompile Include="image.cpp">
      <Filter>Source Files</Filter>
    </ClCompile>
    <ClCompile Include="LeakFinder.cpp">
      <Filter>Source Files</Filter>
    </ClCompile>
    <ClCompile Include="MemFile.cpp">
      <Filter>Source Files</Filter>
    </ClCompile>
    <ClCompile Include="MetroidFusion.cpp">
      <Filter>Source Files</Filter>
    </ClCompile>
    <ClCompile Include="OamFrameTable.cpp">
      <Filter>Source Files</Filter>
    </ClCompile>
    <ClCompile Include="OffsetStorage.cpp">
      <Filter>Source Files</Filter>
    </ClCompile>
    <ClCompile Include="OpenGL2.cpp">
      <Filter>Source Files</Filter>
    </ClCompile>
    <ClCompile Include="RD1Engine.cpp">
      <Filter>Source Files</Filter>
    </ClCompile>
    <ClCompile Include="RoomClass.cpp">
      <Filter>Source Files</Filter>
    </ClCompile>
    <ClCompile Include="SamusBase.cpp">
      <Filter>Source Files</Filter>
    </ClCompile>
    <ClCompile Include="SimpleJSON-master\src\JSON.cpp">
      <Filter>Source Files</Filter>
    </ClCompile>
    <ClCompile Include="SimpleJSON-master\src\JSONValue.cpp">
      <Filter>Source Files</Filter>
    </ClCompile>
    <ClCompile Include="tilebuffer.cpp">
      <Filter>Source Files</Filter>
    </ClCompile>
    <ClCompile Include="WarioLand.cpp">
      <Filter>Source Files</Filter>
    </ClCompile>
    <ClCompile Include="ZeroMission.cpp">
      <Filter>Source Files</Filter>
    </ClCompile>
    <ClCompile Include="TilesetMananger.cpp">
      <Filter>Source Files</Filter>
    </ClCompile>
    <ClCompile Include="cOAMManager.cpp">
      <Filter>Source Files</Filter>
    </ClCompile>
    <ClCompile Include="DoorManager.cpp">
      <Filter>Source Files</Filter>
    </ClCompile>
    <ClCompile Include="Logger.cpp">
      <Filter>Source Files</Filter>
    </ClCompile>
    <ClCompile Include="clsRoomScrolls.cpp">
      <Filter>Source Files</Filter>
    </ClCompile>
    <ClCompile Include="MapManager.cpp">
      <Filter>Source Files</Filter>
    </ClCompile>
    <ClCompile Include="clsPreviewSprite.cpp">
      <Filter>Source Files</Filter>
    </ClCompile>
    <ClCompile Include="MapEditingState.cpp">
      <Filter>Source Files</Filter>
    </ClCompile>
    <ClCompile Include="nMapBuffer.cpp">
      <Filter>Source Files</Filter>
    </ClCompile>
    <ClCompile Include="cCopyData.cpp">
      <Filter>Source Files</Filter>
    </ClCompile>
    <ClCompile Include="cUndoBuffer.cpp">
      <Filter>Source Files</Filter>
    </ClCompile>
    <ClCompile Include="cprs_lz.cpp">
      <Filter>Source Files</Filter>
    </ClCompile>
    <ClCompile Include="clsScroll.cpp">
      <Filter>Source Files</Filter>
    </ClCompile>
    <ClCompile Include="cli.cpp">
      <Filter>GritInterface</Filter>
    </ClCompile>
    <ClCompile Include="GritInterface.cpp">
      <Filter>Source Files</Filter>
    </ClCompile>
    <ClCompile Include="ImageCache.cpp">
      <Filter>Source Files</Filter>
    </ClCompile>
  </ItemGroup>
  <ItemGroup>
    <ClInclude Include="AnimatedTiles.h">
      <Filter>Header Files</Filter>
    </ClInclude>
    <ClInclude Include="backbuffer.h">
      <Filter>Header Files</Filter>
    </ClInclude>
    <ClInclude Include="cEnitityManager.h">
      <Filter>Header Files</Filter>
    </ClInclude>
    <ClInclude Include="FrameManager.h">
      <Filter>Header Files</Filter>
    </ClInclude>
    <ClInclude Include="Frames.h">
      <Filter>Header Files</Filter>
    </ClInclude>
    <ClInclude Include="RD1EngineMain.h">
      <Filter>Header Files</Filter>
    </ClInclude>
    <ClInclude Include="SprGBuf.h">
      <Filter>Header Files</Filter>
    </ClInclude>
    <ClInclude Include="SpriteObjectManager.h">
      <Filter>Header Files</Filter>
    </ClInclude>
    <ClInclude Include="FusionSamus.h">
      <Filter>Header Files</Filter>
    </ClInclude>
    <ClInclude Include="GameConfiguration.h">
      <Filter>Header Files</Filter>
    </ClInclude>
    <ClInclude Include="GBABase.h">
      <Filter>Header Files</Filter>
    </ClInclude>
    <ClInclude Include="GBAGraphics.h">
      <Filter>Header Files</Filter>
    </ClInclude>
    <ClInclude Include="GBAMethods.h">
      <Filter>Header Files</Filter>
    </ClInclude>
    <ClInclude Include="image.h">
      <Filter>Header Files</Filter>
    </ClInclude>
    <ClInclude Include="LeakFinder.h">
      <Filter>Header Files</Filter>
    </ClInclude>
    <ClInclude Include="MemFile.h">
      <Filter>Header Files</Filter>
    </ClInclude>
    <ClInclude Include="MetroidFusion.h">
      <Filter>Header Files</Filter>
    </ClInclude>
    <ClInclude Include="OAM.h">
      <Filter>Header Files</Filter>
    </ClInclude>
    <ClInclude Include="OamFrameTable.h">
      <Filter>Header Files</Filter>
    </ClInclude>
    <ClInclude Include="OffsetStorage.h">
      <Filter>Header Files</Filter>
    </ClInclude>
    <ClInclude Include="opengl.h">
      <Filter>Header Files</Filter>
    </ClInclude>
    <ClInclude Include="OpenGL2.h">
      <Filter>Header Files</Filter>
    </ClInclude>
    <ClInclude Include="RoomClass.h">
      <Filter>Header Files</Filter>
    </ClInclude>
    <ClInclude Include="SamusBase.h">
      <Filter>Header Files</Filter>
    </ClInclude>
    <ClInclude Include="SimpleJSON-master\src\JSON.h">
      <Filter>Header Files</Filter>
    </ClInclude>
    <ClInclude Include="SimpleJSON-master\src\JSONValue.h">
      <Filter>Header Files</Filter>
    </ClInclude>
    <ClInclude Include="tilebuffer.h">
      <Filter>Header Files</Filter>
    </ClInclude>
    <ClInclude Include="TilesetManager.h">
      <Filter>Header Files</Filter>
    </ClInclude>
    <ClInclude Include="WarioLand.h">
      <Filter>Header Files</Filter>
    </ClInclude>
    <ClInclude Include="ZeroMission.h">
      <Filter>Header Files</Filter>
    </ClInclude>
    <ClInclude Include="BaseGame.h">
      <Filter>Header Files</Filter>
    </ClInclude>
    <ClInclude Include="cCopyData.h">
      <Filter>Header Files</Filter>
    </ClInclude>
    <ClInclude Include="clsPreviewSprite.h">
      <Filter>Header Files</Filter>
    </ClInclude>
    <ClInclude Include="clsRoomScrolls.h">
      <Filter>Header Files</Filter>
    </ClInclude>
    <ClInclude Include="clsScroll.h">
      <Filter>Header Files</Filter>
    </ClInclude>
    <ClInclude Include="cOAMManager.h">
      <Filter>Header Files</Filter>
    </ClInclude>
    <ClInclude Include="ConnectionsEditor.h">
      <Filter>Header Files</Filter>
    </ClInclude>
    <ClInclude Include="cUndoBuffer.h">
      <Filter>Header Files</Filter>
    </ClInclude>
    <ClInclude Include="doormanager.h">
      <Filter>Header Files</Filter>
    </ClInclude>
    <ClInclude Include="Logger.h">
      <Filter>Header Files</Filter>
    </ClInclude>
    <ClInclude Include="cprs.h">
      <Filter>Header Files</Filter>
    </ClInclude>
    <ClInclude Include="stb.h">
      <Filter>Header Files</Filter>
    </ClInclude>
    <ClInclude Include="FreeImage.h">
      <Filter>Header Files</Filter>
    </ClInclude>
    <ClInclude Include="cli.h">
      <Filter>GritInterface</Filter>
    </ClInclude>
    <ClInclude Include="GritInterface.h">
      <Filter>Header Files</Filter>
    </ClInclude>
    <ClInclude Include="ImageCache.h">
      <Filter>Header Files</Filter>
    </ClInclude>
  </ItemGroup>
  <ItemGroup>
    <Text Include="Research.txt" />
  </ItemGroup>
  <ItemGroup>
    <None Include="RD1Engine.vcxproj" />
  </ItemGroup>
</Project>